
Microsoft Visual Studio Solution File, Format Version 12.00
# Visual Studio Version 17
VisualStudioVersion = 17.8.34330.188
MinimumVisualStudioVersion = 10.0.40219.1
Project("{8BC9CEB8-8B4A-11D0-8D11-00A0C91BC942}") = "imageDoc", "imageDoc.vcxproj", "{4508CE15-E08F-45C7-8C8E-8D48641A5A65}"
EndProject
Global
	GlobalSection(SolutionConfigurationPlatforms) = preSolution
		Debug|x64 = Debug|x64
		Debug|x86 = Debug|x86
		Release|x64 = Release|x64
		Release|x86 = Release|x86
	EndGlobalSection
	GlobalSection(ProjectConfigurationPlatforms) = postSolution
		{4508CE15-E08F-45C7-8C8E-8D48641A5A65}.Debug|x64.ActiveCfg = Debug|x64
		{4508CE15-E08F-45C7-8C8E-8D48641A5A65}.Debug|x64.Build.0 = Debug|x64
		{4508CE15-E08F-45C7-8C8E-8D48641A5A65}.Debug|x86.ActiveCfg = Debug|Win32
		{4508CE15-E08F-45C7-8C8E-8D48641A5A65}.Debug|x86.Build.0 = Debug|Win32
		{4508CE15-E08F-45C7-8C8E-8D48641A5A65}.Release|x64.ActiveCfg = Release|x64
		{4508CE15-E08F-45C7-8C8E-8D48641A5A65}.Release|x64.Build.0 = Release|x64
		{4508CE15-E08F-45C7-8C8E-8D48641A5A65}.Release|x86.ActiveCfg = Release|Win32
		{4508CE15-E08F-45C7-8C8E-8D48641A5A65}.Release|x86.Build.0 = Release|Win32
	EndGlobalSection
	GlobalSection(SolutionProperties) = preSolution
		HideSolutionNode = FALSE
	EndGlobalSection
	GlobalSection(ExtensibilityGlobals) = postSolution
		SolutionGuid = {37003E9D-1FE5-4DDD-B54A-4CEA255CA27B}
	EndGlobalSection
EndGlobal
